// !$*UTF8*$!
{
	archiveVersion = 1;
	classes = {
	};
	objectVersion = 46;
	objects = {

/* Begin PBXBuildFile section */
		C641C9911DE452F8006B6EC7 /* AppDelegate.swift in Sources */ = {isa = PBXBuildFile; fileRef = C641C9901DE452F8006B6EC7 /* AppDelegate.swift */; };
		C641C9931DE452F8006B6EC7 /* ViewController.swift in Sources */ = {isa = PBXBuildFile; fileRef = C641C9921DE452F8006B6EC7 /* ViewController.swift */; };
		C641C9961DE452F8006B6EC7 /* Main.storyboard in Resources */ = {isa = PBXBuildFile; fileRef = C641C9941DE452F8006B6EC7 /* Main.storyboard */; };
		C641C9981DE452F8006B6EC7 /* Assets.xcassets in Resources */ = {isa = PBXBuildFile; fileRef = C641C9971DE452F8006B6EC7 /* Assets.xcassets */; };
		C641C99B1DE452F8006B6EC7 /* LaunchScreen.storyboard in Resources */ = {isa = PBXBuildFile; fileRef = C641C9991DE452F8006B6EC7 /* LaunchScreen.storyboard */; };
		C641C9A31DE453E0006B6EC7 /* ToDoCell.swift in Sources */ = {isa = PBXBuildFile; fileRef = C641C9A21DE453E0006B6EC7 /* ToDoCell.swift */; };
		C6A923951DE88E0D00157351 /* TableViewController.swift in Sources */ = {isa = PBXBuildFile; fileRef = C6A923941DE88E0D00157351 /* TableViewController.swift */; };
		C6A923AE1DE8A64800157351 /* SQLite.framework in Frameworks */ = {isa = PBXBuildFile; fileRef = C6A923A11DE8A63400157351 /* SQLite.framework */; };
		C6A923B01DE8A71C00157351 /* DatabaseHelper.swift in Sources */ = {isa = PBXBuildFile; fileRef = C6A923AF1DE8A71C00157351 /* DatabaseHelper.swift */; };
		C6A923B11DE8CA5700157351 /* SQLite.framework in Frameworks */ = {isa = PBXBuildFile; fileRef = C6A923A11DE8A63400157351 /* SQLite.framework */; };
		C6A923B21DE8CA5700157351 /* SQLite.framework in Embed Frameworks */ = {isa = PBXBuildFile; fileRef = C6A923A11DE8A63400157351 /* SQLite.framework */; settings = {ATTRIBUTES = (CodeSignOnCopy, RemoveHeadersOnCopy, ); }; };
/* End PBXBuildFile section */

/* Begin PBXContainerItemProxy section */
		C6A923A01DE8A63400157351 /* PBXContainerItemProxy */ = {
			isa = PBXContainerItemProxy;
			containerPortal = C6A923961DE8A63400157351 /* SQLite.xcodeproj */;
			proxyType = 2;
			remoteGlobalIDString = EE247AD31C3F04ED00AE3E12;
			remoteInfo = "SQLite iOS";
		};
		C6A923A21DE8A63400157351 /* PBXContainerItemProxy */ = {
			isa = PBXContainerItemProxy;
			containerPortal = C6A923961DE8A63400157351 /* SQLite.xcodeproj */;
			proxyType = 2;
			remoteGlobalIDString = EE247ADD1C3F04ED00AE3E12;
			remoteInfo = "SQLiteTests iOS";
		};
		C6A923A41DE8A63400157351 /* PBXContainerItemProxy */ = {
			isa = PBXContainerItemProxy;
			containerPortal = C6A923961DE8A63400157351 /* SQLite.xcodeproj */;
			proxyType = 2;
			remoteGlobalIDString = EE247B3C1C3F3ED000AE3E12;
			remoteInfo = "SQLite Mac";
		};
		C6A923A61DE8A63400157351 /* PBXContainerItemProxy */ = {
			isa = PBXContainerItemProxy;
			containerPortal = C6A923961DE8A63400157351 /* SQLite.xcodeproj */;
			proxyType = 2;
			remoteGlobalIDString = EE247B451C3F3ED000AE3E12;
			remoteInfo = "SQLiteTests Mac";
		};
		C6A923A81DE8A63400157351 /* PBXContainerItemProxy */ = {
			isa = PBXContainerItemProxy;
			containerPortal = C6A923961DE8A63400157351 /* SQLite.xcodeproj */;
			proxyType = 2;
			remoteGlobalIDString = 03A65E5A1C6BB0F50062603F;
			remoteInfo = "SQLite tvOS";
		};
		C6A923AA1DE8A63400157351 /* PBXContainerItemProxy */ = {
			isa = PBXContainerItemProxy;
			containerPortal = C6A923961DE8A63400157351 /* SQLite.xcodeproj */;
			proxyType = 2;
			remoteGlobalIDString = 03A65E631C6BB0F60062603F;
			remoteInfo = "SQLiteTests tvOS";
		};
		C6A923AC1DE8A63400157351 /* PBXContainerItemProxy */ = {
			isa = PBXContainerItemProxy;
			containerPortal = C6A923961DE8A63400157351 /* SQLite.xcodeproj */;
			proxyType = 2;
			remoteGlobalIDString = A121AC451CA35C79005A31D1;
			remoteInfo = "SQLite watchOS";
		};
		C6A923B31DE8CA5700157351 /* PBXContainerItemProxy */ = {
			isa = PBXContainerItemProxy;
			containerPortal = C6A923961DE8A63400157351 /* SQLite.xcodeproj */;
			proxyType = 1;
			remoteGlobalIDString = EE247AD21C3F04ED00AE3E12;
			remoteInfo = "SQLite iOS";
		};
/* End PBXContainerItemProxy section */

/* Begin PBXCopyFilesBuildPhase section */
		C6A923B51DE8CA5700157351 /* Embed Frameworks */ = {
			isa = PBXCopyFilesBuildPhase;
			buildActionMask = 2147483647;
			dstPath = "";
			dstSubfolderSpec = 10;
			files = (
				C6A923B21DE8CA5700157351 /* SQLite.framework in Embed Frameworks */,
			);
			name = "Embed Frameworks";
			runOnlyForDeploymentPostprocessing = 0;
		};
/* End PBXCopyFilesBuildPhase section */

/* Begin PBXFileReference section */
		C641C98D1DE452F8006B6EC7 /* MarijnHop-pset4.app */ = {isa = PBXFileReference; explicitFileType = wrapper.application; includeInIndex = 0; path = "MarijnHop-pset4.app"; sourceTree = BUILT_PRODUCTS_DIR; };
		C641C9901DE452F8006B6EC7 /* AppDelegate.swift */ = {isa = PBXFileReference; lastKnownFileType = sourcecode.swift; path = AppDelegate.swift; sourceTree = "<group>"; };
		C641C9921DE452F8006B6EC7 /* ViewController.swift */ = {isa = PBXFileReference; lastKnownFileType = sourcecode.swift; path = ViewController.swift; sourceTree = "<group>"; };
		C641C9951DE452F8006B6EC7 /* Base */ = {isa = PBXFileReference; lastKnownFileType = file.storyboard; name = Base; path = Base.lproj/Main.storyboard; sourceTree = "<group>"; };
		C641C9971DE452F8006B6EC7 /* Assets.xcassets */ = {isa = PBXFileReference; lastKnownFileType = folder.assetcatalog; path = Assets.xcassets; sourceTree = "<group>"; };
		C641C99A1DE452F8006B6EC7 /* Base */ = {isa = PBXFileReference; lastKnownFileType = file.storyboard; name = Base; path = Base.lproj/LaunchScreen.storyboard; sourceTree = "<group>"; };
		C641C99C1DE452F8006B6EC7 /* Info.plist */ = {isa = PBXFileReference; lastKnownFileType = text.plist.xml; path = Info.plist; sourceTree = "<group>"; };
		C641C9A21DE453E0006B6EC7 /* ToDoCell.swift */ = {isa = PBXFileReference; fileEncoding = 4; lastKnownFileType = sourcecode.swift; path = ToDoCell.swift; sourceTree = "<group>"; };
		C6A923941DE88E0D00157351 /* TableViewController.swift */ = {isa = PBXFileReference; fileEncoding = 4; lastKnownFileType = sourcecode.swift; path = TableViewController.swift; sourceTree = "<group>"; };
		C6A923961DE8A63400157351 /* SQLite.xcodeproj */ = {isa = PBXFileReference; lastKnownFileType = "wrapper.pb-project"; name = SQLite.xcodeproj; path = "../SQLite.swift-master/SQLite.xcodeproj"; sourceTree = "<group>"; };
		C6A923AF1DE8A71C00157351 /* DatabaseHelper.swift */ = {isa = PBXFileReference; fileEncoding = 4; lastKnownFileType = sourcecode.swift; path = DatabaseHelper.swift; sourceTree = "<group>"; };
/* End PBXFileReference section */

/* Begin PBXFrameworksBuildPhase section */
		C641C98A1DE452F8006B6EC7 /* Frameworks */ = {
			isa = PBXFrameworksBuildPhase;
			buildActionMask = 2147483647;
			files = (
				C6A923B11DE8CA5700157351 /* SQLite.framework in Frameworks */,
				C6A923AE1DE8A64800157351 /* SQLite.framework in Frameworks */,
			);
			runOnlyForDeploymentPostprocessing = 0;
		};
/* End PBXFrameworksBuildPhase section */

/* Begin PBXGroup section */
		C641C9841DE452F8006B6EC7 = {
			isa = PBXGroup;
			children = (
				C641C98F1DE452F8006B6EC7 /* MarijnHop-pset4 */,
				C641C98E1DE452F8006B6EC7 /* Products */,
				C6A923961DE8A63400157351 /* SQLite.xcodeproj */,
			);
			sourceTree = "<group>";
		};
		C641C98E1DE452F8006B6EC7 /* Products */ = {
			isa = PBXGroup;
			children = (
				C641C98D1DE452F8006B6EC7 /* MarijnHop-pset4.app */,
			);
			name = Products;
			sourceTree = "<group>";
		};
		C641C98F1DE452F8006B6EC7 /* MarijnHop-pset4 */ = {
			isa = PBXGroup;
			children = (
				C641C9901DE452F8006B6EC7 /* AppDelegate.swift */,
				C641C9921DE452F8006B6EC7 /* ViewController.swift */,
				C641C9941DE452F8006B6EC7 /* Main.storyboard */,
				C6A923AF1DE8A71C00157351 /* DatabaseHelper.swift */,
				C6A923941DE88E0D00157351 /* TableViewController.swift */,
				C641C9A21DE453E0006B6EC7 /* ToDoCell.swift */,
				C641C9971DE452F8006B6EC7 /* Assets.xcassets */,
				C641C9991DE452F8006B6EC7 /* LaunchScreen.storyboard */,
				C641C99C1DE452F8006B6EC7 /* Info.plist */,
			);
			path = "MarijnHop-pset4";
			sourceTree = "<group>";
		};
		C6A923971DE8A63400157351 /* Products */ = {
			isa = PBXGroup;
			children = (
				C6A923A11DE8A63400157351 /* SQLite.framework */,
				C6A923A31DE8A63400157351 /* SQLiteTests iOS.xctest */,
				C6A923A51DE8A63400157351 /* SQLite.framework */,
				C6A923A71DE8A63400157351 /* SQLiteTests Mac.xctest */,
				C6A923A91DE8A63400157351 /* SQLite.framework */,
				C6A923AB1DE8A63400157351 /* SQLiteTests tvOS.xctest */,
				C6A923AD1DE8A63400157351 /* SQLite.framework */,
			);
			name = Products;
			sourceTree = "<group>";
		};
/* End PBXGroup section */

/* Begin PBXNativeTarget section */
		C641C98C1DE452F8006B6EC7 /* MarijnHop-pset4 */ = {
			isa = PBXNativeTarget;
			buildConfigurationList = C641C99F1DE452F8006B6EC7 /* Build configuration list for PBXNativeTarget "MarijnHop-pset4" */;
			buildPhases = (
				C641C9891DE452F8006B6EC7 /* Sources */,
				C641C98A1DE452F8006B6EC7 /* Frameworks */,
				C641C98B1DE452F8006B6EC7 /* Resources */,
				C6A923B51DE8CA5700157351 /* Embed Frameworks */,
			);
			buildRules = (
			);
			dependencies = (
				C6A923B41DE8CA5700157351 /* PBXTargetDependency */,
			);
			name = "MarijnHop-pset4";
			productName = "MarijnHop-pset4";
			productReference = C641C98D1DE452F8006B6EC7 /* MarijnHop-pset4.app */;
			productType = "com.apple.product-type.application";
		};
/* End PBXNativeTarget section */

/* Begin PBXProject section */
		C641C9851DE452F8006B6EC7 /* Project object */ = {
			isa = PBXProject;
			attributes = {
				LastSwiftUpdateCheck = 0810;
				LastUpgradeCheck = 0810;
				ORGANIZATIONNAME = "Marijn Hop";
				TargetAttributes = {
					C641C98C1DE452F8006B6EC7 = {
						CreatedOnToolsVersion = 8.1;
						DevelopmentTeam = 9UY4DS35BR;
						ProvisioningStyle = Automatic;
					};
				};
			};
			buildConfigurationList = C641C9881DE452F8006B6EC7 /* Build configuration list for PBXProject "MarijnHop-pset4" */;
			compatibilityVersion = "Xcode 3.2";
			developmentRegion = English;
			hasScannedForEncodings = 0;
			knownRegions = (
				en,
				Base,
			);
			mainGroup = C641C9841DE452F8006B6EC7;
			productRefGroup = C641C98E1DE452F8006B6EC7 /* Products */;
			projectDirPath = "";
			projectReferences = (
				{
					ProductGroup = C6A923971DE8A63400157351 /* Products */;
					ProjectRef = C6A923961DE8A63400157351 /* SQLite.xcodeproj */;
				},
			);
			projectRoot = "";
			targets = (
				C641C98C1DE452F8006B6EC7 /* MarijnHop-pset4 */,
			);
		};
/* End PBXProject section */

/* Begin PBXReferenceProxy section */
		C6A923A11DE8A63400157351 /* SQLite.framework */ = {
			isa = PBXReferenceProxy;
			fileType = wrapper.framework;
			path = SQLite.framework;
			remoteRef = C6A923A01DE8A63400157351 /* PBXContainerItemProxy */;
			sourceTree = BUILT_PRODUCTS_DIR;
		};
		C6A923A31DE8A63400157351 /* SQLiteTests iOS.xctest */ = {
			isa = PBXReferenceProxy;
			fileType = wrapper.cfbundle;
			path = "SQLiteTests iOS.xctest";
			remoteRef = C6A923A21DE8A63400157351 /* PBXContainerItemProxy */;
			sourceTree = BUILT_PRODUCTS_DIR;
		};
		C6A923A51DE8A63400157351 /* SQLite.framework */ = {
			isa = PBXReferenceProxy;
			fileType = wrapper.framework;
			path = SQLite.framework;
			remoteRef = C6A923A41DE8A63400157351 /* PBXContainerItemProxy */;
			sourceTree = BUILT_PRODUCTS_DIR;
		};
		C6A923A71DE8A63400157351 /* SQLiteTests Mac.xctest */ = {
			isa = PBXReferenceProxy;
			fileType = wrapper.cfbundle;
			path = "SQLiteTests Mac.xctest";
			remoteRef = C6A923A61DE8A63400157351 /* PBXContainerItemProxy */;
			sourceTree = BUILT_PRODUCTS_DIR;
		};
		C6A923A91DE8A63400157351 /* SQLite.framework */ = {
			isa = PBXReferenceProxy;
			fileType = wrapper.framework;
			path = SQLite.framework;
			remoteRef = C6A923A81DE8A63400157351 /* PBXContainerItemProxy */;
			sourceTree = BUILT_PRODUCTS_DIR;
		};
		C6A923AB1DE8A63400157351 /* SQLiteTests tvOS.xctest */ = {
			isa = PBXReferenceProxy;
			fileType = wrapper.cfbundle;
			path = "SQLiteTests tvOS.xctest";
			remoteRef = C6A923AA1DE8A63400157351 /* PBXContainerItemProxy */;
			sourceTree = BUILT_PRODUCTS_DIR;
		};
		C6A923AD1DE8A63400157351 /* SQLite.framework */ = {
			isa = PBXReferenceProxy;
			fileType = wrapper.framework;
			path = SQLite.framework;
			remoteRef = C6A923AC1DE8A63400157351 /* PBXContainerItemProxy */;
			sourceTree = BUILT_PRODUCTS_DIR;
		};
/* End PBXReferenceProxy section */

/* Begin PBXResourcesBuildPhase section */
		C641C98B1DE452F8006B6EC7 /* Resources */ = {
			isa = PBXResourcesBuildPhase;
			buildActionMask = 2147483647;
			files = (
				C641C99B1DE452F8006B6EC7 /* LaunchScreen.storyboard in Resources */,
				C641C9981DE452F8006B6EC7 /* Assets.xcassets in Resources */,
				C641C9961DE452F8006B6EC7 /* Main.storyboard in Resources */,
			);
			runOnlyForDeploymentPostprocessing = 0;
		};
/* End PBXResourcesBuildPhase section */

/* Begin PBXSourcesBuildPhase section */
		C641C9891DE452F8006B6EC7 /* Sources */ = {
			isa = PBXSourcesBuildPhase;
			buildActionMask = 2147483647;
			files = (
				C641C9931DE452F8006B6EC7 /* ViewController.swift in Sources */,
				C6A923B01DE8A71C00157351 /* DatabaseHelper.swift in Sources */,
				C641C9A31DE453E0006B6EC7 /* ToDoCell.swift in Sources */,
				C641C9911DE452F8006B6EC7 /* AppDelegate.swift in Sources */,
				C6A923951DE88E0D00157351 /* TableViewController.swift in Sources */,
			);
			runOnlyForDeploymentPostprocessing = 0;
		};
/* End PBXSourcesBuildPhase section */

/* Begin PBXTargetDependency section */
		C6A923B41DE8CA5700157351 /* PBXTargetDependency */ = {
			isa = PBXTargetDependency;
			name = "SQLite iOS";
			targetProxy = C6A923B31DE8CA5700157351 /* PBXContainerItemProxy */;
		};
/* End PBXTargetDependency section */

/* Begin PBXVariantGroup section */
		C641C9941DE452F8006B6EC7 /* Main.storyboard */ = {
			isa = PBXVariantGroup;
			children = (
				C641C9951DE452F8006B6EC7 /* Base */,
			);
			name = Main.storyboard;
			sourceTree = "<group>";
		};
		C641C9991DE452F8006B6EC7 /* LaunchScreen.storyboard */ = {
			isa = PBXVariantGroup;
			children = (
				C641C99A1DE452F8006B6EC7 /* Base */,
			);
			name = LaunchScreen.storyboard;
			sourceTree = "<group>";
		};
/* End PBXVariantGroup section */

/* Begin XCBuildConfiguration section */
		C641C99D1DE452F8006B6EC7 /* Debug */ = {
			isa = XCBuildConfiguration;
			buildSettings = {
				ALWAYS_SEARCH_USER_PATHS = NO;
				CLANG_ANALYZER_NONNULL = YES;
				CLANG_CXX_LANGUAGE_STANDARD = "gnu++0x";
				CLANG_CXX_LIBRARY = "libc++";
				CLANG_ENABLE_MODULES = YES;
				CLANG_ENABLE_OBJC_ARC = YES;
				CLANG_WARN_BOOL_CONVERSION = YES;
				CLANG_WARN_CONSTANT_CONVERSION = YES;
				CLANG_WARN_DIRECT_OBJC_ISA_USAGE = YES_ERROR;
				CLANG_WARN_DOCUMENTATION_COMMENTS = YES;
				CLANG_WARN_EMPTY_BODY = YES;
				CLANG_WARN_ENUM_CONVERSION = YES;
				CLANG_WARN_INFINITE_RECURSION = YES;
				CLANG_WARN_INT_CONVERSION = YES;
				CLANG_WARN_OBJC_ROOT_CLASS = YES_ERROR;
				CLANG_WARN_SUSPICIOUS_MOVE = YES;
				CLANG_WARN_SUSPICIOUS_MOVES = YES;
				CLANG_WARN_UNREACHABLE_CODE = YES;
				CLANG_WARN__DUPLICATE_METHOD_MATCH = YES;
				"CODE_SIGN_IDENTITY[sdk=iphoneos*]" = "iPhone Developer";
				COPY_PHASE_STRIP = NO;
				DEBUG_INFORMATION_FORMAT = dwarf;
				ENABLE_STRICT_OBJC_MSGSEND = YES;
				ENABLE_TESTABILITY = YES;
				GCC_C_LANGUAGE_STANDARD = gnu99;
				GCC_DYNAMIC_NO_PIC = NO;
				GCC_NO_COMMON_BLOCKS = YES;
				GCC_OPTIMIZATION_LEVEL = 0;
				GCC_PREPROCESSOR_DEFINITIONS = (
					"DEBUG=1",
					"$(inherited)",
				);
				GCC_WARN_64_TO_32_BIT_CONVERSION = YES;
				GCC_WARN_ABOUT_RETURN_TYPE = YES_ERROR;
				GCC_WARN_UNDECLARED_SELECTOR = YES;
				GCC_WARN_UNINITIALIZED_AUTOS = YES_AGGRESSIVE;
				GCC_WARN_UNUSED_FUNCTION = YES;
				GCC_WARN_UNUSED_VARIABLE = YES;
				IPHONEOS_DEPLOYMENT_TARGET = 10.1;
				MTL_ENABLE_DEBUG_INFO = YES;
				ONLY_ACTIVE_ARCH = YES;
				SDKROOT = iphoneos;
				SWIFT_ACTIVE_COMPILATION_CONDITIONS = DEBUG;
				SWIFT_OPTIMIZATION_LEVEL = "-Onone";
				TARGETED_DEVICE_FAMILY = "1,2";
			};
			name = Debug;
		};
		C641C99E1DE452F8006B6EC7 /* Release */ = {
			isa = XCBuildConfiguration;
			buildSettings = {
				ALWAYS_SEARCH_USER_PATHS = NO;
				CLANG_ANALYZER_NONNULL = YES;
				CLANG_CXX_LANGUAGE_STANDARD = "gnu++0x";
				CLANG_CXX_LIBRARY = "libc++";
				CLANG_ENABLE_MODULES = YES;
				CLANG_ENABLE_OBJC_ARC = YES;
				CLANG_WARN_BOOL_CONVERSION = YES;
				CLANG_WARN_CONSTANT_CONVERSION = YES;
				CLANG_WARN_DIRECT_OBJC_ISA_USAGE = YES_ERROR;
				CLANG_WARN_DOCUMENTATION_COMMENTS = YES;
				CLANG_WARN_EMPTY_BODY = YES;
				CLANG_WARN_ENUM_CONVERSION = YES;
				CLANG_WARN_INFINITE_RECURSION = YES;
				CLANG_WARN_INT_CONVERSION = YES;
				CLANG_WARN_OBJC_ROOT_CLASS = YES_ERROR;
				CLANG_WARN_SUSPICIOUS_MOVE = YES;
				CLANG_WARN_SUSPICIOUS_MOVES = YES;
				CLANG_WARN_UNREACHABLE_CODE = YES;
				CLANG_WARN__DUPLICATE_METHOD_MATCH = YES;
				"CODE_SIGN_IDENTITY[sdk=iphoneos*]" = "iPhone Developer";
				COPY_PHASE_STRIP = NO;
				DEBUG_INFORMATION_FORMAT = "dwarf-with-dsym";
				ENABLE_NS_ASSERTIONS = NO;
				ENABLE_STRICT_OBJC_MSGSEND = YES;
				GCC_C_LANGUAGE_STANDARD = gnu99;
				GCC_NO_COMMON_BLOCKS = YES;
				GCC_WARN_64_TO_32_BIT_CONVERSION = YES;
				GCC_WARN_ABOUT_RETURN_TYPE = YES_ERROR;
				GCC_WARN_UNDECLARED_SELECTOR = YES;
				GCC_WARN_UNINITIALIZED_AUTOS = YES_AGGRESSIVE;
				GCC_WARN_UNUSED_FUNCTION = YES;
				GCC_WARN_UNUSED_VARIABLE = YES;
				IPHONEOS_DEPLOYMENT_TARGET = 10.1;
				MTL_ENABLE_DEBUG_INFO = NO;
				SDKROOT = iphoneos;
				SWIFT_OPTIMIZATION_LEVEL = "-Owholemodule";
				TARGETED_DEVICE_FAMILY = "1,2";
				VALIDATE_PRODUCT = YES;
			};
			name = Release;
		};
		C641C9A01DE452F8006B6EC7 /* Debug */ = {
			isa = XCBuildConfiguration;
			buildSettings = {
				ALWAYS_EMBED_SWIFT_STANDARD_LIBRARIES = YES;
				ASSETCATALOG_COMPILER_APPICON_NAME = AppIcon;
				DEVELOPMENT_TEAM = 9UY4DS35BR;
				ENABLE_BITCODE = NO;
				INFOPLIST_FILE = "MarijnHop-pset4/Info.plist";
				LD_RUNPATH_SEARCH_PATHS = "$(inherited) @executable_path/Frameworks";
				PRODUCT_BUNDLE_IDENTIFIER = "nl.mprog.MarijnHop-pset4";
				PRODUCT_NAME = "$(TARGET_NAME)";
				SWIFT_VERSION = 3.0;
			};
			name = Debug;
		};
		C641C9A11DE452F8006B6EC7 /* Release */ = {
			isa = XCBuildConfiguration;
			buildSettings = {
				ALWAYS_EMBED_SWIFT_STANDARD_LIBRARIES = YES;
				ASSETCATALOG_COMPILER_APPICON_NAME = AppIcon;
				DEVELOPMENT_TEAM = 9UY4DS35BR;
				ENABLE_BITCODE = NO;
				INFOPLIST_FILE = "MarijnHop-pset4/Info.plist";
				LD_RUNPATH_SEARCH_PATHS = "$(inherited) @executable_path/Frameworks";
				PRODUCT_BUNDLE_IDENTIFIER = "nl.mprog.MarijnHop-pset4";
				PRODUCT_NAME = "$(TARGET_NAME)";
				SWIFT_VERSION = 3.0;
			};
			name = Release;
		};
/* End XCBuildConfiguration section */

/* Begin XCConfigurationList section */
		C641C9881DE452F8006B6EC7 /* Build configuration list for PBXProject "MarijnHop-pset4" */ = {
			isa = XCConfigurationList;
			buildConfigurations = (
				C641C99D1DE452F8006B6EC7 /* Debug */,
				C641C99E1DE452F8006B6EC7 /* Release */,
			);
			defaultConfigurationIsVisible = 0;
			defaultConfigurationName = Release;
		};
		C641C99F1DE452F8006B6EC7 /* Build configuration list for PBXNativeTarget "MarijnHop-pset4" */ = {
			isa = XCConfigurationList;
			buildConfigurations = (
				C641C9A01DE452F8006B6EC7 /* Debug */,
				C641C9A11DE452F8006B6EC7 /* Release */,
			);
			defaultConfigurationIsVisible = 0;
			defaultConfigurationName = Release;
		};
/* End XCConfigurationList section */
	};
	rootObject = C641C9851DE452F8006B6EC7 /* Project object */;
}
